{
  "originHash" : "e78ea66db46a2305eb8767198a6f6687a1cf6b9bb2d54d6dc6f7d5c975d96b0b",
  "pins" : [
    {
      "identity" : "calendarview",
      "kind" : "remoteSourceControl",
      "location" : "https://github.com/AllanJuenemann/CalendarView",
      "state" : {
        "revision" : "0081d7d0cb9e5b589919f95680c03cc2cd1eec87",
        "version" : "2.1.0"
      }
    },
    {
      "identity" : "horizoncalendar",
      "kind" : "remoteSourceControl",
      "location" : "https://github.com/airbnb/HorizonCalendar.git",
      "state" : {
        "branch" : "master",
        "revision" : "bc58dcb7856f728afe3ef71f53fda4f0329ece11"
      }
    }
  ],
  "version" : 3
}
