// !$*UTF8*$!
{
	archiveVersion = 1;
	classes = {
	};
	objectVersion = 56;
	objects = {

/* Begin PBXBuildFile section */
		BD0B9B952C1B06EB00C811E8 /* ThoughtCardAttrbuteView.swift in Sources */ = {isa = PBXBuildFile; fileRef = BD0B9B942C1B06EB00C811E8 /* ThoughtCardAttrbuteView.swift */; };
		BD0B9B972C1B07CF00C811E8 /* EmptyThoughtsView.swift in Sources */ = {isa = PBXBuildFile; fileRef = BD0B9B962C1B07CF00C811E8 /* EmptyThoughtsView.swift */; };
		BD3EFF192C202E1B0032F304 /* DateHelpers.swift in Sources */ = {isa = PBXBuildFile; fileRef = BD3EFF182C202E1B0032F304 /* DateHelpers.swift */; };
		BD5E3D132C1F318700DA84CC /* SwiftUI.framework in Frameworks */ = {isa = PBXBuildFile; fileRef = BDD367222C1E961000B1BBE7 /* SwiftUI.framework */; };
		BD5E3D162C1F318900DA84CC /* WidgetKit.framework in Frameworks */ = {isa = PBXBuildFile; fileRef = BDD367202C1E961000B1BBE7 /* WidgetKit.framework */; };
		BD9A79872C21ACBE009C6401 /* CustomTabBarView.swift in Sources */ = {isa = PBXBuildFile; fileRef = BD9A79862C21ACBE009C6401 /* CustomTabBarView.swift */; };
		BDA0ADC42C2011800034D2B1 /* MainOnboardingView.swift in Sources */ = {isa = PBXBuildFile; fileRef = BDA0ADC32C2011800034D2B1 /* MainOnboardingView.swift */; };
		BDA72AA52C1F429C00856810 /* AddThoughtTip.swift in Sources */ = {isa = PBXBuildFile; fileRef = BDA72AA42C1F429C00856810 /* AddThoughtTip.swift */; };
		BDA72AA82C1F444F00856810 /* AddEmotionTip.swift in Sources */ = {isa = PBXBuildFile; fileRef = BDA72AA72C1F444F00856810 /* AddEmotionTip.swift */; };
		BDA72AAA2C1FF23200856810 /* AddCustomPromptTip.swift in Sources */ = {isa = PBXBuildFile; fileRef = BDA72AA92C1FF23200856810 /* AddCustomPromptTip.swift */; };
		BDD366FC2C1DC6F900B1BBE7 /* Emotion.swift in Sources */ = {isa = PBXBuildFile; fileRef = BDD366FB2C1DC6F900B1BBE7 /* Emotion.swift */; };
		BDD366FE2C1DC93500B1BBE7 /* ChoosePromptView.swift in Sources */ = {isa = PBXBuildFile; fileRef = BDD366FD2C1DC93500B1BBE7 /* ChoosePromptView.swift */; };
		BDD367002C1DCFF900B1BBE7 /* ChooseEmotionView.swift in Sources */ = {isa = PBXBuildFile; fileRef = BDD366FF2C1DCFF900B1BBE7 /* ChooseEmotionView.swift */; };
		BDD3670B2C1E85CE00B1BBE7 /* HomeView.swift in Sources */ = {isa = PBXBuildFile; fileRef = BDD3670A2C1E85CE00B1BBE7 /* HomeView.swift */; };
		BDD3670D2C1E86FD00B1BBE7 /* SettingsView.swift in Sources */ = {isa = PBXBuildFile; fileRef = BDD3670C2C1E86FD00B1BBE7 /* SettingsView.swift */; };
		BDD367162C1E934B00B1BBE7 /* GratitudeQuestions.swift in Sources */ = {isa = PBXBuildFile; fileRef = BDD367152C1E934B00B1BBE7 /* GratitudeQuestions.swift */; };
		BDD367262C1E961000B1BBE7 /* ThoughtfulWidgetBundle.swift in Sources */ = {isa = PBXBuildFile; fileRef = BDD367252C1E961000B1BBE7 /* ThoughtfulWidgetBundle.swift */; };
		BDD367282C1E961000B1BBE7 /* ThoughtfulWidget.swift in Sources */ = {isa = PBXBuildFile; fileRef = BDD367272C1E961000B1BBE7 /* ThoughtfulWidget.swift */; };
		BDD3672A2C1E961200B1BBE7 /* Assets.xcassets in Resources */ = {isa = PBXBuildFile; fileRef = BDD367292C1E961200B1BBE7 /* Assets.xcassets */; };
		BDD3672E2C1E961200B1BBE7 /* ThoughtfulWidgetExtension.appex in Embed Foundation Extensions */ = {isa = PBXBuildFile; fileRef = BDD3671E2C1E961000B1BBE7 /* ThoughtfulWidgetExtension.appex */; settings = {ATTRIBUTES = (RemoveHeadersOnCopy, ); }; };
		BDD6ACC82C1A07A200B9A85A /* thoughtfulApp.swift in Sources */ = {isa = PBXBuildFile; fileRef = BDD6ACC72C1A07A200B9A85A /* thoughtfulApp.swift */; };
		BDD6ACCA2C1A07A200B9A85A /* ContentView.swift in Sources */ = {isa = PBXBuildFile; fileRef = BDD6ACC92C1A07A200B9A85A /* ContentView.swift */; };
		BDD6ACCC2C1A07A300B9A85A /* Assets.xcassets in Resources */ = {isa = PBXBuildFile; fileRef = BDD6ACCB2C1A07A300B9A85A /* Assets.xcassets */; };
		BDD6ACCF2C1A07A300B9A85A /* Preview Assets.xcassets in Resources */ = {isa = PBXBuildFile; fileRef = BDD6ACCE2C1A07A300B9A85A /* Preview Assets.xcassets */; };
		BDD6ACD92C1A07A300B9A85A /* thoughtfulTests.swift in Sources */ = {isa = PBXBuildFile; fileRef = BDD6ACD82C1A07A300B9A85A /* thoughtfulTests.swift */; };
		BDD6ACE32C1A07A300B9A85A /* thoughtfulUITests.swift in Sources */ = {isa = PBXBuildFile; fileRef = BDD6ACE22C1A07A300B9A85A /* thoughtfulUITests.swift */; };
		BDD6ACE52C1A07A300B9A85A /* thoughtfulUITestsLaunchTests.swift in Sources */ = {isa = PBXBuildFile; fileRef = BDD6ACE42C1A07A300B9A85A /* thoughtfulUITestsLaunchTests.swift */; };
		BDD6ACF22C1A07BC00B9A85A /* Thought.swift in Sources */ = {isa = PBXBuildFile; fileRef = BDD6ACF12C1A07BC00B9A85A /* Thought.swift */; };
		BDD6ACF42C1A095200B9A85A /* ThoughtCardView.swift in Sources */ = {isa = PBXBuildFile; fileRef = BDD6ACF32C1A095200B9A85A /* ThoughtCardView.swift */; };
		BDD6ACF62C1A885B00B9A85A /* HorizontalCalendarView.swift in Sources */ = {isa = PBXBuildFile; fileRef = BDD6ACF52C1A885B00B9A85A /* HorizontalCalendarView.swift */; };
		BDE843AA2C1D7D670046C2A4 /* ThoughtDetailView.swift in Sources */ = {isa = PBXBuildFile; fileRef = BDE843A92C1D7D670046C2A4 /* ThoughtDetailView.swift */; };
		BDE843AC2C1D7D750046C2A4 /* SampleData.swift in Sources */ = {isa = PBXBuildFile; fileRef = BDE843AB2C1D7D750046C2A4 /* SampleData.swift */; };
		BDE843AF2C1D99040046C2A4 /* ToolbarView.swift in Sources */ = {isa = PBXBuildFile; fileRef = BDE843AE2C1D99040046C2A4 /* ToolbarView.swift */; };
		BDE843B12C1DB41F0046C2A4 /* AddNewThoughtView.swift in Sources */ = {isa = PBXBuildFile; fileRef = BDE843B02C1DB41F0046C2A4 /* AddNewThoughtView.swift */; };
		BDED2CB32C21210100B4B40B /* Assets.xcassets in Resources */ = {isa = PBXBuildFile; fileRef = BDD6ACCB2C1A07A300B9A85A /* Assets.xcassets */; };
/* End PBXBuildFile section */

/* Begin PBXContainerItemProxy section */
		BDD3672C2C1E961200B1BBE7 /* PBXContainerItemProxy */ = {
			isa = PBXContainerItemProxy;
			containerPortal = BDD6ACBC2C1A07A200B9A85A /* Project object */;
			proxyType = 1;
			remoteGlobalIDString = BDD3671D2C1E961000B1BBE7;
			remoteInfo = ThoughtfulWidgetExtension;
		};
		BDD6ACD52C1A07A300B9A85A /* PBXContainerItemProxy */ = {
			isa = PBXContainerItemProxy;
			containerPortal = BDD6ACBC2C1A07A200B9A85A /* Project object */;
			proxyType = 1;
			remoteGlobalIDString = BDD6ACC32C1A07A200B9A85A;
			remoteInfo = thoughtful;
		};
		BDD6ACDF2C1A07A300B9A85A /* PBXContainerItemProxy */ = {
			isa = PBXContainerItemProxy;
			containerPortal = BDD6ACBC2C1A07A200B9A85A /* Project object */;
			proxyType = 1;
			remoteGlobalIDString = BDD6ACC32C1A07A200B9A85A;
			remoteInfo = thoughtful;
		};
/* End PBXContainerItemProxy section */

/* Begin PBXCopyFilesBuildPhase section */
		BDD3672F2C1E961200B1BBE7 /* Embed Foundation Extensions */ = {
			isa = PBXCopyFilesBuildPhase;
			buildActionMask = 2147483647;
			dstPath = "";
			dstSubfolderSpec = 13;
			files = (
				BDD3672E2C1E961200B1BBE7 /* ThoughtfulWidgetExtension.appex in Embed Foundation Extensions */,
			);
			name = "Embed Foundation Extensions";
			runOnlyForDeploymentPostprocessing = 0;
		};
/* End PBXCopyFilesBuildPhase section */

/* Begin PBXFileReference section */
		BD0B9B942C1B06EB00C811E8 /* ThoughtCardAttrbuteView.swift */ = {isa = PBXFileReference; lastKnownFileType = sourcecode.swift; path = ThoughtCardAttrbuteView.swift; sourceTree = "<group>"; };
		BD0B9B962C1B07CF00C811E8 /* EmptyThoughtsView.swift */ = {isa = PBXFileReference; lastKnownFileType = sourcecode.swift; path = EmptyThoughtsView.swift; sourceTree = "<group>"; };
		BD3EFF182C202E1B0032F304 /* DateHelpers.swift */ = {isa = PBXFileReference; lastKnownFileType = sourcecode.swift; path = DateHelpers.swift; sourceTree = "<group>"; };
		BD9A79862C21ACBE009C6401 /* CustomTabBarView.swift */ = {isa = PBXFileReference; lastKnownFileType = sourcecode.swift; path = CustomTabBarView.swift; sourceTree = "<group>"; };
		BDA0ADC32C2011800034D2B1 /* MainOnboardingView.swift */ = {isa = PBXFileReference; lastKnownFileType = sourcecode.swift; path = MainOnboardingView.swift; sourceTree = "<group>"; };
		BDA72AA42C1F429C00856810 /* AddThoughtTip.swift */ = {isa = PBXFileReference; lastKnownFileType = sourcecode.swift; path = AddThoughtTip.swift; sourceTree = "<group>"; };
		BDA72AA72C1F444F00856810 /* AddEmotionTip.swift */ = {isa = PBXFileReference; lastKnownFileType = sourcecode.swift; path = AddEmotionTip.swift; sourceTree = "<group>"; };
		BDA72AA92C1FF23200856810 /* AddCustomPromptTip.swift */ = {isa = PBXFileReference; lastKnownFileType = sourcecode.swift; path = AddCustomPromptTip.swift; sourceTree = "<group>"; };
		BDD366FB2C1DC6F900B1BBE7 /* Emotion.swift */ = {isa = PBXFileReference; lastKnownFileType = sourcecode.swift; path = Emotion.swift; sourceTree = "<group>"; };
		BDD366FD2C1DC93500B1BBE7 /* ChoosePromptView.swift */ = {isa = PBXFileReference; lastKnownFileType = sourcecode.swift; path = ChoosePromptView.swift; sourceTree = "<group>"; };
		BDD366FF2C1DCFF900B1BBE7 /* ChooseEmotionView.swift */ = {isa = PBXFileReference; lastKnownFileType = sourcecode.swift; path = ChooseEmotionView.swift; sourceTree = "<group>"; };
		BDD3670A2C1E85CE00B1BBE7 /* HomeView.swift */ = {isa = PBXFileReference; lastKnownFileType = sourcecode.swift; path = HomeView.swift; sourceTree = "<group>"; };
		BDD3670C2C1E86FD00B1BBE7 /* SettingsView.swift */ = {isa = PBXFileReference; lastKnownFileType = sourcecode.swift; path = SettingsView.swift; sourceTree = "<group>"; };
		BDD367152C1E934B00B1BBE7 /* GratitudeQuestions.swift */ = {isa = PBXFileReference; lastKnownFileType = sourcecode.swift; path = GratitudeQuestions.swift; sourceTree = "<group>"; };
		BDD3671E2C1E961000B1BBE7 /* ThoughtfulWidgetExtension.appex */ = {isa = PBXFileReference; explicitFileType = "wrapper.app-extension"; includeInIndex = 0; path = ThoughtfulWidgetExtension.appex; sourceTree = BUILT_PRODUCTS_DIR; };
		BDD367202C1E961000B1BBE7 /* WidgetKit.framework */ = {isa = PBXFileReference; lastKnownFileType = wrapper.framework; name = WidgetKit.framework; path = System/Library/Frameworks/WidgetKit.framework; sourceTree = SDKROOT; };
		BDD367222C1E961000B1BBE7 /* SwiftUI.framework */ = {isa = PBXFileReference; lastKnownFileType = wrapper.framework; name = SwiftUI.framework; path = System/Library/Frameworks/SwiftUI.framework; sourceTree = SDKROOT; };
		BDD367252C1E961000B1BBE7 /* ThoughtfulWidgetBundle.swift */ = {isa = PBXFileReference; lastKnownFileType = sourcecode.swift; path = ThoughtfulWidgetBundle.swift; sourceTree = "<group>"; };
		BDD367272C1E961000B1BBE7 /* ThoughtfulWidget.swift */ = {isa = PBXFileReference; lastKnownFileType = sourcecode.swift; path = ThoughtfulWidget.swift; sourceTree = "<group>"; };
		BDD367292C1E961200B1BBE7 /* Assets.xcassets */ = {isa = PBXFileReference; lastKnownFileType = folder.assetcatalog; path = Assets.xcassets; sourceTree = "<group>"; };
		BDD3672B2C1E961200B1BBE7 /* Info.plist */ = {isa = PBXFileReference; lastKnownFileType = text.plist.xml; path = Info.plist; sourceTree = "<group>"; };
		BDD367332C1EA63600B1BBE7 /* Info.plist */ = {isa = PBXFileReference; lastKnownFileType = text.plist; name = Info.plist; path = Thoughtful/Info.plist; sourceTree = "<group>"; };
		BDD6ACC42C1A07A200B9A85A /* Thoughtful.app */ = {isa = PBXFileReference; explicitFileType = wrapper.application; includeInIndex = 0; path = Thoughtful.app; sourceTree = BUILT_PRODUCTS_DIR; };
		BDD6ACC72C1A07A200B9A85A /* thoughtfulApp.swift */ = {isa = PBXFileReference; lastKnownFileType = sourcecode.swift; path = thoughtfulApp.swift; sourceTree = "<group>"; };
		BDD6ACC92C1A07A200B9A85A /* ContentView.swift */ = {isa = PBXFileReference; lastKnownFileType = sourcecode.swift; path = ContentView.swift; sourceTree = "<group>"; };
		BDD6ACCB2C1A07A300B9A85A /* Assets.xcassets */ = {isa = PBXFileReference; lastKnownFileType = folder.assetcatalog; path = Assets.xcassets; sourceTree = "<group>"; };
		BDD6ACCE2C1A07A300B9A85A /* Preview Assets.xcassets */ = {isa = PBXFileReference; lastKnownFileType = folder.assetcatalog; path = "Preview Assets.xcassets"; sourceTree = "<group>"; };
		BDD6ACD42C1A07A300B9A85A /* ThoughtfulTests.xctest */ = {isa = PBXFileReference; explicitFileType = wrapper.cfbundle; includeInIndex = 0; path = ThoughtfulTests.xctest; sourceTree = BUILT_PRODUCTS_DIR; };
		BDD6ACD82C1A07A300B9A85A /* thoughtfulTests.swift */ = {isa = PBXFileReference; lastKnownFileType = sourcecode.swift; path = thoughtfulTests.swift; sourceTree = "<group>"; };
		BDD6ACDE2C1A07A300B9A85A /* ThoughtfulUITests.xctest */ = {isa = PBXFileReference; explicitFileType = wrapper.cfbundle; includeInIndex = 0; path = ThoughtfulUITests.xctest; sourceTree = BUILT_PRODUCTS_DIR; };
		BDD6ACE22C1A07A300B9A85A /* thoughtfulUITests.swift */ = {isa = PBXFileReference; lastKnownFileType = sourcecode.swift; path = thoughtfulUITests.swift; sourceTree = "<group>"; };
		BDD6ACE42C1A07A300B9A85A /* thoughtfulUITestsLaunchTests.swift */ = {isa = PBXFileReference; lastKnownFileType = sourcecode.swift; path = thoughtfulUITestsLaunchTests.swift; sourceTree = "<group>"; };
		BDD6ACF12C1A07BC00B9A85A /* Thought.swift */ = {isa = PBXFileReference; lastKnownFileType = sourcecode.swift; path = Thought.swift; sourceTree = "<group>"; };
		BDD6ACF32C1A095200B9A85A /* ThoughtCardView.swift */ = {isa = PBXFileReference; lastKnownFileType = sourcecode.swift; path = ThoughtCardView.swift; sourceTree = "<group>"; };
		BDD6ACF52C1A885B00B9A85A /* HorizontalCalendarView.swift */ = {isa = PBXFileReference; lastKnownFileType = sourcecode.swift; path = HorizontalCalendarView.swift; sourceTree = "<group>"; };
		BDE843A92C1D7D670046C2A4 /* ThoughtDetailView.swift */ = {isa = PBXFileReference; lastKnownFileType = sourcecode.swift; path = ThoughtDetailView.swift; sourceTree = "<group>"; };
		BDE843AB2C1D7D750046C2A4 /* SampleData.swift */ = {isa = PBXFileReference; lastKnownFileType = sourcecode.swift; path = SampleData.swift; sourceTree = "<group>"; };
		BDE843AE2C1D99040046C2A4 /* ToolbarView.swift */ = {isa = PBXFileReference; lastKnownFileType = sourcecode.swift; path = ToolbarView.swift; sourceTree = "<group>"; };
		BDE843B02C1DB41F0046C2A4 /* AddNewThoughtView.swift */ = {isa = PBXFileReference; lastKnownFileType = sourcecode.swift; path = AddNewThoughtView.swift; sourceTree = "<group>"; };
/* End PBXFileReference section */

/* Begin PBXFrameworksBuildPhase section */
		BDD3671B2C1E961000B1BBE7 /* Frameworks */ = {
			isa = PBXFrameworksBuildPhase;
			buildActionMask = 2147483647;
			files = (
				BD5E3D132C1F318700DA84CC /* SwiftUI.framework in Frameworks */,
				BD5E3D162C1F318900DA84CC /* WidgetKit.framework in Frameworks */,
			);
			runOnlyForDeploymentPostprocessing = 0;
		};
		BDD6ACC12C1A07A200B9A85A /* Frameworks */ = {
			isa = PBXFrameworksBuildPhase;
			buildActionMask = 2147483647;
			files = (
			);
			runOnlyForDeploymentPostprocessing = 0;
		};
		BDD6ACD12C1A07A300B9A85A /* Frameworks */ = {
			isa = PBXFrameworksBuildPhase;
			buildActionMask = 2147483647;
			files = (
			);
			runOnlyForDeploymentPostprocessing = 0;
		};
		BDD6ACDB2C1A07A300B9A85A /* Frameworks */ = {
			isa = PBXFrameworksBuildPhase;
			buildActionMask = 2147483647;
			files = (
			);
			runOnlyForDeploymentPostprocessing = 0;
		};
/* End PBXFrameworksBuildPhase section */

/* Begin PBXGroup section */
		BD3EFF172C202E070032F304 /* Utils */ = {
			isa = PBXGroup;
			children = (
				BD3EFF182C202E1B0032F304 /* DateHelpers.swift */,
			);
			path = Utils;
			sourceTree = "<group>";
		};
		BD9A79852C21ACB0009C6401 /* TabBar */ = {
			isa = PBXGroup;
			children = (
				BD9A79862C21ACBE009C6401 /* CustomTabBarView.swift */,
			);
			path = TabBar;
			sourceTree = "<group>";
		};
		BDA0ADC22C20116D0034D2B1 /* Onboarding */ = {
			isa = PBXGroup;
			children = (
				BDA0ADC32C2011800034D2B1 /* MainOnboardingView.swift */,
			);
			path = Onboarding;
			sourceTree = "<group>";
		};
		BDA72AA62C1F42A800856810 /* Tips */ = {
			isa = PBXGroup;
			children = (
				BDA72AA42C1F429C00856810 /* AddThoughtTip.swift */,
				BDA72AA72C1F444F00856810 /* AddEmotionTip.swift */,
				BDA72AA92C1FF23200856810 /* AddCustomPromptTip.swift */,
			);
			path = Tips;
			sourceTree = "<group>";
		};
		BDD3670E2C1E926300B1BBE7 /* Views */ = {
			isa = PBXGroup;
			children = (
				BD9A79852C21ACB0009C6401 /* TabBar */,
				BDA0ADC22C20116D0034D2B1 /* Onboarding */,
				BDD367142C1E929700B1BBE7 /* Home */,
				BDD367132C1E929200B1BBE7 /* Settings */,
				BDD367122C1E928E00B1BBE7 /* Toolbar */,
				BDD367112C1E928700B1BBE7 /* Prompts */,
				BDD367102C1E927D00B1BBE7 /* Calendar */,
				BDD3670F2C1E927800B1BBE7 /* Thoughts */,
			);
			path = Views;
			sourceTree = "<group>";
		};
		BDD3670F2C1E927800B1BBE7 /* Thoughts */ = {
			isa = PBXGroup;
			children = (
				BDD6ACF32C1A095200B9A85A /* ThoughtCardView.swift */,
				BD0B9B942C1B06EB00C811E8 /* ThoughtCardAttrbuteView.swift */,
				BD0B9B962C1B07CF00C811E8 /* EmptyThoughtsView.swift */,
				BDE843A92C1D7D670046C2A4 /* ThoughtDetailView.swift */,
				BDE843B02C1DB41F0046C2A4 /* AddNewThoughtView.swift */,
			);
			path = Thoughts;
			sourceTree = "<group>";
		};
		BDD367102C1E927D00B1BBE7 /* Calendar */ = {
			isa = PBXGroup;
			children = (
				BDD6ACF52C1A885B00B9A85A /* HorizontalCalendarView.swift */,
			);
			path = Calendar;
			sourceTree = "<group>";
		};
		BDD367112C1E928700B1BBE7 /* Prompts */ = {
			isa = PBXGroup;
			children = (
				BDD366FD2C1DC93500B1BBE7 /* ChoosePromptView.swift */,
				BDD366FF2C1DCFF900B1BBE7 /* ChooseEmotionView.swift */,
			);
			path = Prompts;
			sourceTree = "<group>";
		};
		BDD367122C1E928E00B1BBE7 /* Toolbar */ = {
			isa = PBXGroup;
			children = (
				BDE843AE2C1D99040046C2A4 /* ToolbarView.swift */,
			);
			path = Toolbar;
			sourceTree = "<group>";
		};
		BDD367132C1E929200B1BBE7 /* Settings */ = {
			isa = PBXGroup;
			children = (
				BDD3670C2C1E86FD00B1BBE7 /* SettingsView.swift */,
			);
			path = Settings;
			sourceTree = "<group>";
		};
		BDD367142C1E929700B1BBE7 /* Home */ = {
			isa = PBXGroup;
			children = (
				BDD3670A2C1E85CE00B1BBE7 /* HomeView.swift */,
			);
			path = Home;
			sourceTree = "<group>";
		};
		BDD3671F2C1E961000B1BBE7 /* Frameworks */ = {
			isa = PBXGroup;
			children = (
				BDD367202C1E961000B1BBE7 /* WidgetKit.framework */,
				BDD367222C1E961000B1BBE7 /* SwiftUI.framework */,
			);
			name = Frameworks;
			sourceTree = "<group>";
		};
		BDD367242C1E961000B1BBE7 /* ThoughtfulWidget */ = {
			isa = PBXGroup;
			children = (
				BDD367252C1E961000B1BBE7 /* ThoughtfulWidgetBundle.swift */,
				BDD367272C1E961000B1BBE7 /* ThoughtfulWidget.swift */,
				BDD367292C1E961200B1BBE7 /* Assets.xcassets */,
				BDD3672B2C1E961200B1BBE7 /* Info.plist */,
			);
			path = ThoughtfulWidget;
			sourceTree = "<group>";
		};
		BDD6ACBB2C1A07A200B9A85A = {
			isa = PBXGroup;
			children = (
				BDD367332C1EA63600B1BBE7 /* Info.plist */,
				BDD6ACC62C1A07A200B9A85A /* thoughtful */,
				BDD6ACD72C1A07A300B9A85A /* thoughtfulTests */,
				BDD6ACE12C1A07A300B9A85A /* thoughtfulUITests */,
				BDD367242C1E961000B1BBE7 /* ThoughtfulWidget */,
				BDD3671F2C1E961000B1BBE7 /* Frameworks */,
				BDD6ACC52C1A07A200B9A85A /* Products */,
			);
			sourceTree = "<group>";
		};
		BDD6ACC52C1A07A200B9A85A /* Products */ = {
			isa = PBXGroup;
			children = (
				BDD6ACC42C1A07A200B9A85A /* Thoughtful.app */,
				BDD6ACD42C1A07A300B9A85A /* ThoughtfulTests.xctest */,
				BDD6ACDE2C1A07A300B9A85A /* ThoughtfulUITests.xctest */,
				BDD3671E2C1E961000B1BBE7 /* ThoughtfulWidgetExtension.appex */,
			);
			name = Products;
			sourceTree = "<group>";
		};
		BDD6ACC62C1A07A200B9A85A /* thoughtful */ = {
			isa = PBXGroup;
			children = (
				BD3EFF172C202E070032F304 /* Utils */,
				BDA72AA62C1F42A800856810 /* Tips */,
				BDD3670E2C1E926300B1BBE7 /* Views */,
				BDE843AD2C1D98800046C2A4 /* Models */,
				BDD6ACC72C1A07A200B9A85A /* thoughtfulApp.swift */,
				BDD6ACC92C1A07A200B9A85A /* ContentView.swift */,
				BDD6ACCB2C1A07A300B9A85A /* Assets.xcassets */,
				BDD6ACCD2C1A07A300B9A85A /* Preview Content */,
			);
			path = thoughtful;
			sourceTree = "<group>";
		};
		BDD6ACCD2C1A07A300B9A85A /* Preview Content */ = {
			isa = PBXGroup;
			children = (
				BDD6ACCE2C1A07A300B9A85A /* Preview Assets.xcassets */,
			);
			path = "Preview Content";
			sourceTree = "<group>";
		};
		BDD6ACD72C1A07A300B9A85A /* thoughtfulTests */ = {
			isa = PBXGroup;
			children = (
				BDD6ACD82C1A07A300B9A85A /* thoughtfulTests.swift */,
			);
			path = thoughtfulTests;
			sourceTree = "<group>";
		};
		BDD6ACE12C1A07A300B9A85A /* thoughtfulUITests */ = {
			isa = PBXGroup;
			children = (
				BDD6ACE22C1A07A300B9A85A /* thoughtfulUITests.swift */,
				BDD6ACE42C1A07A300B9A85A /* thoughtfulUITestsLaunchTests.swift */,
			);
			path = thoughtfulUITests;
			sourceTree = "<group>";
		};
		BDE843AD2C1D98800046C2A4 /* Models */ = {
			isa = PBXGroup;
			children = (
				BDE843AB2C1D7D750046C2A4 /* SampleData.swift */,
				BDD6ACF12C1A07BC00B9A85A /* Thought.swift */,
				BDD366FB2C1DC6F900B1BBE7 /* Emotion.swift */,
				BDD367152C1E934B00B1BBE7 /* GratitudeQuestions.swift */,
			);
			path = Models;
			sourceTree = "<group>";
		};
/* End PBXGroup section */

/* Begin PBXNativeTarget section */
		BDD3671D2C1E961000B1BBE7 /* ThoughtfulWidgetExtension */ = {
			isa = PBXNativeTarget;
			buildConfigurationList = BDD367322C1E961200B1BBE7 /* Build configuration list for PBXNativeTarget "ThoughtfulWidgetExtension" */;
			buildPhases = (
				BDD3671A2C1E961000B1BBE7 /* Sources */,
				BDD3671B2C1E961000B1BBE7 /* Frameworks */,
				BDD3671C2C1E961000B1BBE7 /* Resources */,
			);
			buildRules = (
			);
			dependencies = (
			);
			name = ThoughtfulWidgetExtension;
			productName = ThoughtfulWidgetExtension;
			productReference = BDD3671E2C1E961000B1BBE7 /* ThoughtfulWidgetExtension.appex */;
			productType = "com.apple.product-type.app-extension";
		};
		BDD6ACC32C1A07A200B9A85A /* Thoughtful */ = {
			isa = PBXNativeTarget;
			buildConfigurationList = BDD6ACE82C1A07A300B9A85A /* Build configuration list for PBXNativeTarget "Thoughtful" */;
			buildPhases = (
				BDD6ACC02C1A07A200B9A85A /* Sources */,
				BDD6ACC12C1A07A200B9A85A /* Frameworks */,
				BDD6ACC22C1A07A200B9A85A /* Resources */,
				BDD3672F2C1E961200B1BBE7 /* Embed Foundation Extensions */,
			);
			buildRules = (
			);
			dependencies = (
				BDD3672D2C1E961200B1BBE7 /* PBXTargetDependency */,
			);
			name = Thoughtful;
			productName = thoughtful;
			productReference = BDD6ACC42C1A07A200B9A85A /* Thoughtful.app */;
			productType = "com.apple.product-type.application";
		};
		BDD6ACD32C1A07A300B9A85A /* ThoughtfulTests */ = {
			isa = PBXNativeTarget;
			buildConfigurationList = BDD6ACEB2C1A07A300B9A85A /* Build configuration list for PBXNativeTarget "ThoughtfulTests" */;
			buildPhases = (
				BDD6ACD02C1A07A300B9A85A /* Sources */,
				BDD6ACD12C1A07A300B9A85A /* Frameworks */,
				BDD6ACD22C1A07A300B9A85A /* Resources */,
			);
			buildRules = (
			);
			dependencies = (
				BDD6ACD62C1A07A300B9A85A /* PBXTargetDependency */,
			);
			name = ThoughtfulTests;
			productName = thoughtfulTests;
			productReference = BDD6ACD42C1A07A300B9A85A /* ThoughtfulTests.xctest */;
			productType = "com.apple.product-type.bundle.unit-test";
		};
		BDD6ACDD2C1A07A300B9A85A /* ThoughtfulUITests */ = {
			isa = PBXNativeTarget;
			buildConfigurationList = BDD6ACEE2C1A07A300B9A85A /* Build configuration list for PBXNativeTarget "ThoughtfulUITests" */;
			buildPhases = (
				BDD6ACDA2C1A07A300B9A85A /* Sources */,
				BDD6ACDB2C1A07A300B9A85A /* Frameworks */,
				BDD6ACDC2C1A07A300B9A85A /* Resources */,
			);
			buildRules = (
			);
			dependencies = (
				BDD6ACE02C1A07A300B9A85A /* PBXTargetDependency */,
			);
			name = ThoughtfulUITests;
			productName = thoughtfulUITests;
			productReference = BDD6ACDE2C1A07A300B9A85A /* ThoughtfulUITests.xctest */;
			productType = "com.apple.product-type.bundle.ui-testing";
		};
/* End PBXNativeTarget section */

/* Begin PBXProject section */
		BDD6ACBC2C1A07A200B9A85A /* Project object */ = {
			isa = PBXProject;
			attributes = {
				BuildIndependentTargetsInParallel = 1;
				LastSwiftUpdateCheck = 1540;
				LastUpgradeCheck = 1540;
				TargetAttributes = {
					BDD3671D2C1E961000B1BBE7 = {
						CreatedOnToolsVersion = 15.4;
					};
					BDD6ACC32C1A07A200B9A85A = {
						CreatedOnToolsVersion = 15.4;
					};
					BDD6ACD32C1A07A300B9A85A = {
						CreatedOnToolsVersion = 15.4;
						TestTargetID = BDD6ACC32C1A07A200B9A85A;
					};
					BDD6ACDD2C1A07A300B9A85A = {
						CreatedOnToolsVersion = 15.4;
						TestTargetID = BDD6ACC32C1A07A200B9A85A;
					};
				};
			};
			buildConfigurationList = BDD6ACBF2C1A07A200B9A85A /* Build configuration list for PBXProject "Thoughtful" */;
			compatibilityVersion = "Xcode 14.0";
			developmentRegion = en;
			hasScannedForEncodings = 0;
			knownRegions = (
				en,
				Base,
			);
			mainGroup = BDD6ACBB2C1A07A200B9A85A;
			productRefGroup = BDD6ACC52C1A07A200B9A85A /* Products */;
			projectDirPath = "";
			projectRoot = "";
			targets = (
				BDD6ACC32C1A07A200B9A85A /* Thoughtful */,
				BDD6ACD32C1A07A300B9A85A /* ThoughtfulTests */,
				BDD6ACDD2C1A07A300B9A85A /* ThoughtfulUITests */,
				BDD3671D2C1E961000B1BBE7 /* ThoughtfulWidgetExtension */,
			);
		};
/* End PBXProject section */

/* Begin PBXResourcesBuildPhase section */
		BDD3671C2C1E961000B1BBE7 /* Resources */ = {
			isa = PBXResourcesBuildPhase;
			buildActionMask = 2147483647;
			files = (
				BDED2CB32C21210100B4B40B /* Assets.xcassets in Resources */,
				BDD3672A2C1E961200B1BBE7 /* Assets.xcassets in Resources */,
			);
			runOnlyForDeploymentPostprocessing = 0;
		};
		BDD6ACC22C1A07A200B9A85A /* Resources */ = {
			isa = PBXResourcesBuildPhase;
			buildActionMask = 2147483647;
			files = (
				BDD6ACCF2C1A07A300B9A85A /* Preview Assets.xcassets in Resources */,
				BDD6ACCC2C1A07A300B9A85A /* Assets.xcassets in Resources */,
			);
			runOnlyForDeploymentPostprocessing = 0;
		};
		BDD6ACD22C1A07A300B9A85A /* Resources */ = {
			isa = PBXResourcesBuildPhase;
			buildActionMask = 2147483647;
			files = (
			);
			runOnlyForDeploymentPostprocessing = 0;
		};
		BDD6ACDC2C1A07A300B9A85A /* Resources */ = {
			isa = PBXResourcesBuildPhase;
			buildActionMask = 2147483647;
			files = (
			);
			runOnlyForDeploymentPostprocessing = 0;
		};
/* End PBXResourcesBuildPhase section */

/* Begin PBXSourcesBuildPhase section */
		BDD3671A2C1E961000B1BBE7 /* Sources */ = {
			isa = PBXSourcesBuildPhase;
			buildActionMask = 2147483647;
			files = (
				BDD367262C1E961000B1BBE7 /* ThoughtfulWidgetBundle.swift in Sources */,
				BDD367282C1E961000B1BBE7 /* ThoughtfulWidget.swift in Sources */,
			);
			runOnlyForDeploymentPostprocessing = 0;
		};
		BDD6ACC02C1A07A200B9A85A /* Sources */ = {
			isa = PBXSourcesBuildPhase;
			buildActionMask = 2147483647;
			files = (
				BDD6ACF22C1A07BC00B9A85A /* Thought.swift in Sources */,
				BDD6ACF62C1A885B00B9A85A /* HorizontalCalendarView.swift in Sources */,
				BDA72AAA2C1FF23200856810 /* AddCustomPromptTip.swift in Sources */,
				BDA72AA82C1F444F00856810 /* AddEmotionTip.swift in Sources */,
				BDE843B12C1DB41F0046C2A4 /* AddNewThoughtView.swift in Sources */,
				BDD3670B2C1E85CE00B1BBE7 /* HomeView.swift in Sources */,
				BD9A79872C21ACBE009C6401 /* CustomTabBarView.swift in Sources */,
				BDD6ACCA2C1A07A200B9A85A /* ContentView.swift in Sources */,
				BDA0ADC42C2011800034D2B1 /* MainOnboardingView.swift in Sources */,
				BD0B9B952C1B06EB00C811E8 /* ThoughtCardAttrbuteView.swift in Sources */,
				BDD366FE2C1DC93500B1BBE7 /* ChoosePromptView.swift in Sources */,
				BDE843AA2C1D7D670046C2A4 /* ThoughtDetailView.swift in Sources */,
				BDD6ACF42C1A095200B9A85A /* ThoughtCardView.swift in Sources */,
				BDD3670D2C1E86FD00B1BBE7 /* SettingsView.swift in Sources */,
				BDE843AF2C1D99040046C2A4 /* ToolbarView.swift in Sources */,
				BD3EFF192C202E1B0032F304 /* DateHelpers.swift in Sources */,
				BDD367002C1DCFF900B1BBE7 /* ChooseEmotionView.swift in Sources */,
				BD0B9B972C1B07CF00C811E8 /* EmptyThoughtsView.swift in Sources */,
				BDA72AA52C1F429C00856810 /* AddThoughtTip.swift in Sources */,
				BDD367162C1E934B00B1BBE7 /* GratitudeQuestions.swift in Sources */,
				BDE843AC2C1D7D750046C2A4 /* SampleData.swift in Sources */,
				BDD6ACC82C1A07A200B9A85A /* thoughtfulApp.swift in Sources */,
				BDD366FC2C1DC6F900B1BBE7 /* Emotion.swift in Sources */,
			);
			runOnlyForDeploymentPostprocessing = 0;
		};
		BDD6ACD02C1A07A300B9A85A /* Sources */ = {
			isa = PBXSourcesBuildPhase;
			buildActionMask = 2147483647;
			files = (
				BDD6ACD92C1A07A300B9A85A /* thoughtfulTests.swift in Sources */,
			);
			runOnlyForDeploymentPostprocessing = 0;
		};
		BDD6ACDA2C1A07A300B9A85A /* Sources */ = {
			isa = PBXSourcesBuildPhase;
			buildActionMask = 2147483647;
			files = (
				BDD6ACE52C1A07A300B9A85A /* thoughtfulUITestsLaunchTests.swift in Sources */,
				BDD6ACE32C1A07A300B9A85A /* thoughtfulUITests.swift in Sources */,
			);
			runOnlyForDeploymentPostprocessing = 0;
		};
/* End PBXSourcesBuildPhase section */

/* Begin PBXTargetDependency section */
		BDD3672D2C1E961200B1BBE7 /* PBXTargetDependency */ = {
			isa = PBXTargetDependency;
			target = BDD3671D2C1E961000B1BBE7 /* ThoughtfulWidgetExtension */;
			targetProxy = BDD3672C2C1E961200B1BBE7 /* PBXContainerItemProxy */;
		};
		BDD6ACD62C1A07A300B9A85A /* PBXTargetDependency */ = {
			isa = PBXTargetDependency;
			target = BDD6ACC32C1A07A200B9A85A /* Thoughtful */;
			targetProxy = BDD6ACD52C1A07A300B9A85A /* PBXContainerItemProxy */;
		};
		BDD6ACE02C1A07A300B9A85A /* PBXTargetDependency */ = {
			isa = PBXTargetDependency;
			target = BDD6ACC32C1A07A200B9A85A /* Thoughtful */;
			targetProxy = BDD6ACDF2C1A07A300B9A85A /* PBXContainerItemProxy */;
		};
/* End PBXTargetDependency section */

/* Begin XCBuildConfiguration section */
		BDD367302C1E961200B1BBE7 /* Debug */ = {
			isa = XCBuildConfiguration;
			buildSettings = {
				ASSETCATALOG_COMPILER_GLOBAL_ACCENT_COLOR_NAME = AccentColor;
				ASSETCATALOG_COMPILER_WIDGET_BACKGROUND_COLOR_NAME = WidgetBackground;
				CODE_SIGN_STYLE = Automatic;
				CURRENT_PROJECT_VERSION = 1;
				DEVELOPMENT_TEAM = WB66W4QJ7C;
				GENERATE_INFOPLIST_FILE = YES;
				INFOPLIST_FILE = ThoughtfulWidget/Info.plist;
				INFOPLIST_KEY_CFBundleDisplayName = ThoughtfulWidget;
				INFOPLIST_KEY_NSHumanReadableCopyright = "";
				LD_RUNPATH_SEARCH_PATHS = (
					"$(inherited)",
					"@executable_path/Frameworks",
					"@executable_path/../../Frameworks",
				);
				MARKETING_VERSION = 1.0;
				PRODUCT_BUNDLE_IDENTIFIER = com.nabilridhwan.thoughtful.ThoughtfulWidget;
				PRODUCT_NAME = "$(TARGET_NAME)";
				SKIP_INSTALL = YES;
				SWIFT_EMIT_LOC_STRINGS = YES;
				SWIFT_VERSION = 5.0;
				TARGETED_DEVICE_FAMILY = "1,2";
			};
			name = Debug;
		};
		BDD367312C1E961200B1BBE7 /* Release */ = {
			isa = XCBuildConfiguration;
			buildSettings = {
				ASSETCATALOG_COMPILER_GLOBAL_ACCENT_COLOR_NAME = AccentColor;
				ASSETCATALOG_COMPILER_WIDGET_BACKGROUND_COLOR_NAME = WidgetBackground;
				CODE_SIGN_STYLE = Automatic;
				CURRENT_PROJECT_VERSION = 1;
				DEVELOPMENT_TEAM = WB66W4QJ7C;
				GENERATE_INFOPLIST_FILE = YES;
				INFOPLIST_FILE = ThoughtfulWidget/Info.plist;
				INFOPLIST_KEY_CFBundleDisplayName = ThoughtfulWidget;
				INFOPLIST_KEY_NSHumanReadableCopyright = "";
				LD_RUNPATH_SEARCH_PATHS = (
					"$(inherited)",
					"@executable_path/Frameworks",
					"@executable_path/../../Frameworks",
				);
				MARKETING_VERSION = 1.0;
				PRODUCT_BUNDLE_IDENTIFIER = com.nabilridhwan.thoughtful.ThoughtfulWidget;
				PRODUCT_NAME = "$(TARGET_NAME)";
				SKIP_INSTALL = YES;
				SWIFT_EMIT_LOC_STRINGS = YES;
				SWIFT_VERSION = 5.0;
				TARGETED_DEVICE_FAMILY = "1,2";
			};
			name = Release;
		};
		BDD6ACE62C1A07A300B9A85A /* Debug */ = {
			isa = XCBuildConfiguration;
			buildSettings = {
				ALWAYS_SEARCH_USER_PATHS = NO;
				ASSETCATALOG_COMPILER_GENERATE_SWIFT_ASSET_SYMBOL_EXTENSIONS = YES;
				CLANG_ANALYZER_NONNULL = YES;
				CLANG_ANALYZER_NUMBER_OBJECT_CONVERSION = YES_AGGRESSIVE;
				CLANG_CXX_LANGUAGE_STANDARD = "gnu++20";
				CLANG_ENABLE_MODULES = YES;
				CLANG_ENABLE_OBJC_ARC = YES;
				CLANG_ENABLE_OBJC_WEAK = YES;
				CLANG_WARN_BLOCK_CAPTURE_AUTORELEASING = YES;
				CLANG_WARN_BOOL_CONVERSION = YES;
				CLANG_WARN_COMMA = YES;
				CLANG_WARN_CONSTANT_CONVERSION = YES;
				CLANG_WARN_DEPRECATED_OBJC_IMPLEMENTATIONS = YES;
				CLANG_WARN_DIRECT_OBJC_ISA_USAGE = YES_ERROR;
				CLANG_WARN_DOCUMENTATION_COMMENTS = YES;
				CLANG_WARN_EMPTY_BODY = YES;
				CLANG_WARN_ENUM_CONVERSION = YES;
				CLANG_WARN_INFINITE_RECURSION = YES;
				CLANG_WARN_INT_CONVERSION = YES;
				CLANG_WARN_NON_LITERAL_NULL_CONVERSION = YES;
				CLANG_WARN_OBJC_IMPLICIT_RETAIN_SELF = YES;
				CLANG_WARN_OBJC_LITERAL_CONVERSION = YES;
				CLANG_WARN_OBJC_ROOT_CLASS = YES_ERROR;
				CLANG_WARN_QUOTED_INCLUDE_IN_FRAMEWORK_HEADER = YES;
				CLANG_WARN_RANGE_LOOP_ANALYSIS = YES;
				CLANG_WARN_STRICT_PROTOTYPES = YES;
				CLANG_WARN_SUSPICIOUS_MOVE = YES;
				CLANG_WARN_UNGUARDED_AVAILABILITY = YES_AGGRESSIVE;
				CLANG_WARN_UNREACHABLE_CODE = YES;
				CLANG_WARN__DUPLICATE_METHOD_MATCH = YES;
				COPY_PHASE_STRIP = NO;
				DEBUG_INFORMATION_FORMAT = dwarf;
				ENABLE_STRICT_OBJC_MSGSEND = YES;
				ENABLE_TESTABILITY = YES;
				ENABLE_USER_SCRIPT_SANDBOXING = YES;
				GCC_C_LANGUAGE_STANDARD = gnu17;
				GCC_DYNAMIC_NO_PIC = NO;
				GCC_NO_COMMON_BLOCKS = YES;
				GCC_OPTIMIZATION_LEVEL = 0;
				GCC_PREPROCESSOR_DEFINITIONS = (
					"DEBUG=1",
					"$(inherited)",
				);
				GCC_WARN_64_TO_32_BIT_CONVERSION = YES;
				GCC_WARN_ABOUT_RETURN_TYPE = YES_ERROR;
				GCC_WARN_UNDECLARED_SELECTOR = YES;
				GCC_WARN_UNINITIALIZED_AUTOS = YES_AGGRESSIVE;
				GCC_WARN_UNUSED_FUNCTION = YES;
				GCC_WARN_UNUSED_VARIABLE = YES;
				IPHONEOS_DEPLOYMENT_TARGET = 17.5;
				LOCALIZATION_PREFERS_STRING_CATALOGS = YES;
				MTL_ENABLE_DEBUG_INFO = INCLUDE_SOURCE;
				MTL_FAST_MATH = YES;
				ONLY_ACTIVE_ARCH = YES;
				SDKROOT = iphoneos;
				SWIFT_ACTIVE_COMPILATION_CONDITIONS = "DEBUG $(inherited)";
				SWIFT_OPTIMIZATION_LEVEL = "-Onone";
			};
			name = Debug;
		};
		BDD6ACE72C1A07A300B9A85A /* Release */ = {
			isa = XCBuildConfiguration;
			buildSettings = {
				ALWAYS_SEARCH_USER_PATHS = NO;
				ASSETCATALOG_COMPILER_GENERATE_SWIFT_ASSET_SYMBOL_EXTENSIONS = YES;
				CLANG_ANALYZER_NONNULL = YES;
				CLANG_ANALYZER_NUMBER_OBJECT_CONVERSION = YES_AGGRESSIVE;
				CLANG_CXX_LANGUAGE_STANDARD = "gnu++20";
				CLANG_ENABLE_MODULES = YES;
				CLANG_ENABLE_OBJC_ARC = YES;
				CLANG_ENABLE_OBJC_WEAK = YES;
				CLANG_WARN_BLOCK_CAPTURE_AUTORELEASING = YES;
				CLANG_WARN_BOOL_CONVERSION = YES;
				CLANG_WARN_COMMA = YES;
				CLANG_WARN_CONSTANT_CONVERSION = YES;
				CLANG_WARN_DEPRECATED_OBJC_IMPLEMENTATIONS = YES;
				CLANG_WARN_DIRECT_OBJC_ISA_USAGE = YES_ERROR;
				CLANG_WARN_DOCUMENTATION_COMMENTS = YES;
				CLANG_WARN_EMPTY_BODY = YES;
				CLANG_WARN_ENUM_CONVERSION = YES;
				CLANG_WARN_INFINITE_RECURSION = YES;
				CLANG_WARN_INT_CONVERSION = YES;
				CLANG_WARN_NON_LITERAL_NULL_CONVERSION = YES;
				CLANG_WARN_OBJC_IMPLICIT_RETAIN_SELF = YES;
				CLANG_WARN_OBJC_LITERAL_CONVERSION = YES;
				CLANG_WARN_OBJC_ROOT_CLASS = YES_ERROR;
				CLANG_WARN_QUOTED_INCLUDE_IN_FRAMEWORK_HEADER = YES;
				CLANG_WARN_RANGE_LOOP_ANALYSIS = YES;
				CLANG_WARN_STRICT_PROTOTYPES = YES;
				CLANG_WARN_SUSPICIOUS_MOVE = YES;
				CLANG_WARN_UNGUARDED_AVAILABILITY = YES_AGGRESSIVE;
				CLANG_WARN_UNREACHABLE_CODE = YES;
				CLANG_WARN__DUPLICATE_METHOD_MATCH = YES;
				COPY_PHASE_STRIP = NO;
				DEBUG_INFORMATION_FORMAT = "dwarf-with-dsym";
				ENABLE_NS_ASSERTIONS = NO;
				ENABLE_STRICT_OBJC_MSGSEND = YES;
				ENABLE_USER_SCRIPT_SANDBOXING = YES;
				GCC_C_LANGUAGE_STANDARD = gnu17;
				GCC_NO_COMMON_BLOCKS = YES;
				GCC_WARN_64_TO_32_BIT_CONVERSION = YES;
				GCC_WARN_ABOUT_RETURN_TYPE = YES_ERROR;
				GCC_WARN_UNDECLARED_SELECTOR = YES;
				GCC_WARN_UNINITIALIZED_AUTOS = YES_AGGRESSIVE;
				GCC_WARN_UNUSED_FUNCTION = YES;
				GCC_WARN_UNUSED_VARIABLE = YES;
				IPHONEOS_DEPLOYMENT_TARGET = 17.5;
				LOCALIZATION_PREFERS_STRING_CATALOGS = YES;
				MTL_ENABLE_DEBUG_INFO = NO;
				MTL_FAST_MATH = YES;
				SDKROOT = iphoneos;
				SWIFT_COMPILATION_MODE = wholemodule;
				VALIDATE_PRODUCT = YES;
			};
			name = Release;
		};
		BDD6ACE92C1A07A300B9A85A /* Debug */ = {
			isa = XCBuildConfiguration;
			buildSettings = {
				ALWAYS_EMBED_SWIFT_STANDARD_LIBRARIES = YES;
				ASSETCATALOG_COMPILER_APPICON_NAME = AppIcon;
				ASSETCATALOG_COMPILER_GLOBAL_ACCENT_COLOR_NAME = AccentColor;
				CODE_SIGN_STYLE = Automatic;
				CURRENT_PROJECT_VERSION = 1;
				DEVELOPMENT_ASSET_PATHS = "\"thoughtful/Preview Content\"";
				DEVELOPMENT_TEAM = WB66W4QJ7C;
				ENABLE_PREVIEWS = YES;
				GENERATE_INFOPLIST_FILE = YES;
				INFOPLIST_FILE = Thoughtful/Info.plist;
				INFOPLIST_KEY_UIApplicationSceneManifest_Generation = YES;
				INFOPLIST_KEY_UIApplicationSupportsIndirectInputEvents = YES;
				INFOPLIST_KEY_UILaunchScreen_Generation = YES;
				INFOPLIST_KEY_UISupportedInterfaceOrientations = "UIInterfaceOrientationLandscapeRight UIInterfaceOrientationPortrait";
				INFOPLIST_KEY_UISupportedInterfaceOrientations_iPad = "UIInterfaceOrientationLandscapeLeft UIInterfaceOrientationLandscapeRight UIInterfaceOrientationPortrait UIInterfaceOrientationPortraitUpsideDown";
				LD_RUNPATH_SEARCH_PATHS = (
					"$(inherited)",
					"@executable_path/Frameworks",
				);
				MARKETING_VERSION = 1.0;
				PRODUCT_BUNDLE_IDENTIFIER = com.nabilridhwan.thoughtful;
				PRODUCT_NAME = "$(TARGET_NAME)";
				SWIFT_EMIT_LOC_STRINGS = YES;
				SWIFT_VERSION = 5.0;
				TARGETED_DEVICE_FAMILY = "1,2";
			};
			name = Debug;
		};
		BDD6ACEA2C1A07A300B9A85A /* Release */ = {
			isa = XCBuildConfiguration;
			buildSettings = {
				ALWAYS_EMBED_SWIFT_STANDARD_LIBRARIES = YES;
				ASSETCATALOG_COMPILER_APPICON_NAME = AppIcon;
				ASSETCATALOG_COMPILER_GLOBAL_ACCENT_COLOR_NAME = AccentColor;
				CODE_SIGN_STYLE = Automatic;
				CURRENT_PROJECT_VERSION = 1;
				DEVELOPMENT_ASSET_PATHS = "\"thoughtful/Preview Content\"";
				DEVELOPMENT_TEAM = WB66W4QJ7C;
				ENABLE_PREVIEWS = YES;
				GENERATE_INFOPLIST_FILE = YES;
				INFOPLIST_FILE = Thoughtful/Info.plist;
				INFOPLIST_KEY_UIApplicationSceneManifest_Generation = YES;
				INFOPLIST_KEY_UIApplicationSupportsIndirectInputEvents = YES;
				INFOPLIST_KEY_UILaunchScreen_Generation = YES;
				INFOPLIST_KEY_UISupportedInterfaceOrientations = "UIInterfaceOrientationLandscapeRight UIInterfaceOrientationPortrait";
				INFOPLIST_KEY_UISupportedInterfaceOrientations_iPad = "UIInterfaceOrientationLandscapeLeft UIInterfaceOrientationLandscapeRight UIInterfaceOrientationPortrait UIInterfaceOrientationPortraitUpsideDown";
				LD_RUNPATH_SEARCH_PATHS = (
					"$(inherited)",
					"@executable_path/Frameworks",
				);
				MARKETING_VERSION = 1.0;
				PRODUCT_BUNDLE_IDENTIFIER = com.nabilridhwan.thoughtful;
				PRODUCT_NAME = "$(TARGET_NAME)";
				SWIFT_EMIT_LOC_STRINGS = YES;
				SWIFT_VERSION = 5.0;
				TARGETED_DEVICE_FAMILY = "1,2";
			};
			name = Release;
		};
		BDD6ACEC2C1A07A300B9A85A /* Debug */ = {
			isa = XCBuildConfiguration;
			buildSettings = {
				ALWAYS_EMBED_SWIFT_STANDARD_LIBRARIES = YES;
				BUNDLE_LOADER = "$(TEST_HOST)";
				CODE_SIGN_STYLE = Automatic;
				CURRENT_PROJECT_VERSION = 1;
				DEVELOPMENT_TEAM = WB66W4QJ7C;
				GENERATE_INFOPLIST_FILE = YES;
				IPHONEOS_DEPLOYMENT_TARGET = 17.5;
				MARKETING_VERSION = 1.0;
				PRODUCT_BUNDLE_IDENTIFIER = com.nabilridhwan.thoughtfulTests;
				PRODUCT_NAME = "$(TARGET_NAME)";
				SWIFT_EMIT_LOC_STRINGS = NO;
				SWIFT_VERSION = 5.0;
				TARGETED_DEVICE_FAMILY = "1,2";
				TEST_HOST = "$(BUILT_PRODUCTS_DIR)/Thoughtful.app/$(BUNDLE_EXECUTABLE_FOLDER_PATH)/Thoughtful";
			};
			name = Debug;
		};
		BDD6ACED2C1A07A300B9A85A /* Release */ = {
			isa = XCBuildConfiguration;
			buildSettings = {
				ALWAYS_EMBED_SWIFT_STANDARD_LIBRARIES = YES;
				BUNDLE_LOADER = "$(TEST_HOST)";
				CODE_SIGN_STYLE = Automatic;
				CURRENT_PROJECT_VERSION = 1;
				DEVELOPMENT_TEAM = WB66W4QJ7C;
				GENERATE_INFOPLIST_FILE = YES;
				IPHONEOS_DEPLOYMENT_TARGET = 17.5;
				MARKETING_VERSION = 1.0;
				PRODUCT_BUNDLE_IDENTIFIER = com.nabilridhwan.thoughtfulTests;
				PRODUCT_NAME = "$(TARGET_NAME)";
				SWIFT_EMIT_LOC_STRINGS = NO;
				SWIFT_VERSION = 5.0;
				TARGETED_DEVICE_FAMILY = "1,2";
				TEST_HOST = "$(BUILT_PRODUCTS_DIR)/Thoughtful.app/$(BUNDLE_EXECUTABLE_FOLDER_PATH)/Thoughtful";
			};
			name = Release;
		};
		BDD6ACEF2C1A07A300B9A85A /* Debug */ = {
			isa = XCBuildConfiguration;
			buildSettings = {
				ALWAYS_EMBED_SWIFT_STANDARD_LIBRARIES = YES;
				CODE_SIGN_STYLE = Automatic;
				CURRENT_PROJECT_VERSION = 1;
				DEVELOPMENT_TEAM = WB66W4QJ7C;
				GENERATE_INFOPLIST_FILE = YES;
				MARKETING_VERSION = 1.0;
				PRODUCT_BUNDLE_IDENTIFIER = com.nabilridhwan.thoughtfulUITests;
				PRODUCT_NAME = "$(TARGET_NAME)";
				SWIFT_EMIT_LOC_STRINGS = NO;
				SWIFT_VERSION = 5.0;
				TARGETED_DEVICE_FAMILY = "1,2";
				TEST_TARGET_NAME = thoughtful;
			};
			name = Debug;
		};
		BDD6ACF02C1A07A300B9A85A /* Release */ = {
			isa = XCBuildConfiguration;
			buildSettings = {
				ALWAYS_EMBED_SWIFT_STANDARD_LIBRARIES = YES;
				CODE_SIGN_STYLE = Automatic;
				CURRENT_PROJECT_VERSION = 1;
				DEVELOPMENT_TEAM = WB66W4QJ7C;
				GENERATE_INFOPLIST_FILE = YES;
				MARKETING_VERSION = 1.0;
				PRODUCT_BUNDLE_IDENTIFIER = com.nabilridhwan.thoughtfulUITests;
				PRODUCT_NAME = "$(TARGET_NAME)";
				SWIFT_EMIT_LOC_STRINGS = NO;
				SWIFT_VERSION = 5.0;
				TARGETED_DEVICE_FAMILY = "1,2";
				TEST_TARGET_NAME = thoughtful;
			};
			name = Release;
		};
/* End XCBuildConfiguration section */

/* Begin XCConfigurationList section */
		BDD367322C1E961200B1BBE7 /* Build configuration list for PBXNativeTarget "ThoughtfulWidgetExtension" */ = {
			isa = XCConfigurationList;
			buildConfigurations = (
				BDD367302C1E961200B1BBE7 /* Debug */,
				BDD367312C1E961200B1BBE7 /* Release */,
			);
			defaultConfigurationIsVisible = 0;
			defaultConfigurationName = Release;
		};
		BDD6ACBF2C1A07A200B9A85A /* Build configuration list for PBXProject "Thoughtful" */ = {
			isa = XCConfigurationList;
			buildConfigurations = (
				BDD6ACE62C1A07A300B9A85A /* Debug */,
				BDD6ACE72C1A07A300B9A85A /* Release */,
			);
			defaultConfigurationIsVisible = 0;
			defaultConfigurationName = Release;
		};
		BDD6ACE82C1A07A300B9A85A /* Build configuration list for PBXNativeTarget "Thoughtful" */ = {
			isa = XCConfigurationList;
			buildConfigurations = (
				BDD6ACE92C1A07A300B9A85A /* Debug */,
				BDD6ACEA2C1A07A300B9A85A /* Release */,
			);
			defaultConfigurationIsVisible = 0;
			defaultConfigurationName = Release;
		};
		BDD6ACEB2C1A07A300B9A85A /* Build configuration list for PBXNativeTarget "ThoughtfulTests" */ = {
			isa = XCConfigurationList;
			buildConfigurations = (
				BDD6ACEC2C1A07A300B9A85A /* Debug */,
				BDD6ACED2C1A07A300B9A85A /* Release */,
			);
			defaultConfigurationIsVisible = 0;
			defaultConfigurationName = Release;
		};
		BDD6ACEE2C1A07A300B9A85A /* Build configuration list for PBXNativeTarget "ThoughtfulUITests" */ = {
			isa = XCConfigurationList;
			buildConfigurations = (
				BDD6ACEF2C1A07A300B9A85A /* Debug */,
				BDD6ACF02C1A07A300B9A85A /* Release */,
			);
			defaultConfigurationIsVisible = 0;
			defaultConfigurationName = Release;
		};
/* End XCConfigurationList section */
	};
	rootObject = BDD6ACBC2C1A07A200B9A85A /* Project object */;
}
